
Microsoft Visual Studio Solution File, Format Version 12.00
# Visual Studio 15
VisualStudioVersion = 15.0.27130.2036
MinimumVisualStudioVersion = 10.0.40219.1
Project("{FAE04EC0-301F-11D3-BF4B-00C04F79EFBC}") = "Sample.NetCore", "Sample.NetCore\Sample.NetCore.csproj", "{F9C32E57-0344-4ED1-B6D6-D1359A4A11DF}"
EndProject
Global
	GlobalSection(SolutionConfigurationPlatforms) = preSolution
		Debug|Any CPU = Debug|Any CPU
		Release|Any CPU = Release|Any CPU
	EndGlobalSection
	GlobalSection(ProjectConfigurationPlatforms) = postSolution
		{F9C32E57-0344-4ED1-B6D6-D1359A4A11DF}.Debug|Any CPU.ActiveCfg = Debug|Any CPU
		{F9C32E57-0344-4ED1-B6D6-D1359A4A11DF}.Debug|Any CPU.Build.0 = Debug|Any CPU
		{F9C32E57-0344-4ED1-B6D6-D1359A4A11DF}.Release|Any CPU.ActiveCfg = Release|Any CPU
		{F9C32E57-0344-4ED1-B6D6-D1359A4A11DF}.Release|Any CPU.Build.0 = Release|Any CPU
	EndGlobalSection
	GlobalSection(SolutionProperties) = preSolution
		HideSolutionNode = FALSE
	EndGlobalSection
	GlobalSection(ExtensibilityGlobals) = postSolution
		SolutionGuid = {18AF7D29-6194-4543-BA08-0461385BE8E2}
	EndGlobalSection
EndGlobal
